{
 "name": "@cardfunc/backend-tester",
 "version": "0.0.0",
 "lockfileVersion": 1,
 "requires": true,
 "dependencies": {
  "@cardfunc/model": {
   "version": "0.0.53",
   "resolved": "https://registry.npmjs.org/@cardfunc/model/-/model-0.0.53.tgz",
   "integrity": "sha512-LQ3qkz35lrs54jCVVtukGKeJxqgycWmLTI3HHAi/IUTUUgzFqhVsSpFxqix1zSkyHjEdC6eE7JnUhRCeX4kyWA==",
   "requires": {
    "authly": "0.0.38",
    "gracely": "0.0.24",
    "isoly": "0.0.11"
   },
   "dependencies": {
    "authly": {
     "version": "0.0.38",
     "resolved": "https://registry.npmjs.org/authly/-/authly-0.0.38.tgz",
     "integrity": "sha512-lret5TecRqvBYuq4qqJP0FhxRLvm4ueEWJ2VPVoVnSlXh50xS3/zjRBtgJ8zYEjQdkLPYuXQbgnldnDUjFTI+Q==",
     "requires": {
      "node-webcrypto-ossl": "1.0.48"
     }
    }
   }
  },
  "authly": {
   "version": "0.0.39",
   "resolved": "https://registry.npmjs.org/authly/-/authly-0.0.39.tgz",
   "integrity": "sha512-5JqIMiD5ODMVCVeQ/GQh0v0AqOpSL6sPBHoRRFGIlJonNCXUyecbDj/DJAHN41zsqzKLZ0KEyHyZ/wU/ei6BsQ==",
   "requires": {
    "node-webcrypto-ossl": "1.0.48"
   }
  },
  "gracely": {
   "version": "0.0.24",
   "resolved": "https://registry.npmjs.org/gracely/-/gracely-0.0.24.tgz",
   "integrity": "sha512-eR86LPiK5mdUtoyn7BsTA9Rl6XGs6oiwQSjO+BK9Se3wpRhX4GyI+hTSC/SGjdAewMtX/S9k/6A7W3CWeOul5Q=="
  },
  "isoly": {
   "version": "0.0.11",
   "resolved": "https://registry.npmjs.org/isoly/-/isoly-0.0.11.tgz",
   "integrity": "sha512-CSqNBnpoqZwnv0hG27+kyxZxZ0QARjh7ychTs2FfTDJbwbwiQU0ea/8QYCXEPxkKQARqHPvIfb/7jqzDS+KKog=="
  },
  "minimist": {
   "version": "1.2.5",
   "resolved": "https://registry.npmjs.org/minimist/-/minimist-1.2.5.tgz",
   "integrity": "sha512-FM9nNUYrRBAELZQT3xeZQ7fmMOBg6nWNmJKTcgsJeaLstP/UODVpGsr5OhXhhXg6f+qtJ8uiZ+PUxkDWcgIXLw=="
  },
  "mkdirp": {
   "version": "0.5.5",
   "resolved": "https://registry.npmjs.org/mkdirp/-/mkdirp-0.5.5.tgz",
   "integrity": "sha512-NKmAlESf6jMGym1++R0Ra7wvhV+wFW63FaSOFPwRahvea0gMUcGUhVeAg/0BC0wiv9ih5NYPB1Wn1UEI1/L+xQ==",
   "requires": {
    "minimist": "^1.2.5"
   }
  },
  "nan": {
   "version": "2.14.1",
   "resolved": "https://registry.npmjs.org/nan/-/nan-2.14.1.tgz",
   "integrity": "sha512-isWHgVjnFjh2x2yuJ/tj3JbwoHu3UC2dX5G/88Cm24yB6YopVgxvBObDY7n5xW6ExmFhJpSEQqFPvq9zaXc8Jw=="
  },
  "node-fetch": {
   "version": "2.6.0",
   "resolved": "https://registry.npmjs.org/node-fetch/-/node-fetch-2.6.0.tgz",
   "integrity": "sha512-8dG4H5ujfvFiqDmVu9fQ5bOHUC15JMjMY/Zumv26oOvvVJjM67KF8koCWIabKQ1GJIa9r2mMZscBq/TbdOcmNA=="
  },
  "node-webcrypto-ossl": {
   "version": "1.0.48",
   "resolved": "https://registry.npmjs.org/node-webcrypto-ossl/-/node-webcrypto-ossl-1.0.48.tgz",
   "integrity": "sha512-MWUkQ/5wrs7lpAr+fhsLMfjdxKGd3dQFVqWbNMkyYyCMRW8E7ScailqtCZYDLTnJtU6B+91rXxCJNyZvbYaSOg==",
   "requires": {
    "mkdirp": "^0.5.1",
    "nan": "^2.13.2",
    "tslib": "^1.9.3",
    "webcrypto-core": "^0.1.26"
   }
  },
  "tslib": {
   "version": "1.12.0",
   "resolved": "https://registry.npmjs.org/tslib/-/tslib-1.12.0.tgz",
   "integrity": "sha512-5rxCQkP0kytf4H1T4xz1imjxaUUPMvc5aWp0rJ/VMIN7ClRiH1FwFvBt8wOeMasp/epeUnmSW6CixSIePtiLqA=="
  },
  "webcrypto-core": {
   "version": "0.1.27",
   "resolved": "https://registry.npmjs.org/webcrypto-core/-/webcrypto-core-0.1.27.tgz",
   "integrity": "sha512-r0MSFxvqaIjoqIKerm80P9+7n1dWBG88PYnshJk57J4uZuXlqNX8yQixrEIe3CGqrJ7xwfGM2SQGR4AlJYr02g==",
   "requires": {
    "tslib": "^1.7.1"
   }
  }
 }
}
